
Microsoft Visual Studio Solution File, Format Version 12.00
# Visual Studio Version 17
VisualStudioVersion = 17.5.002.0
MinimumVisualStudioVersion = 10.0.40219.1
Project("{9A19103F-16F7-4668-BE54-9A1E7A4F7556}") = "LearnOpenGL", "LearnOpenGL.csproj", "{4C959271-C31D-4758-A7CF-73C8B6CEEB9E}"
EndProject
Global
	GlobalSection(SolutionConfigurationPlatforms) = preSolution
		Debug|Any CPU = Debug|Any CPU
		Release|Any CPU = Release|Any CPU
	EndGlobalSection
	GlobalSection(ProjectConfigurationPlatforms) = postSolution
		{4C959271-C31D-4758-A7CF-73C8B6CEEB9E}.Debug|Any CPU.ActiveCfg = Debug|Any CPU
		{4C959271-C31D-4758-A7CF-73C8B6CEEB9E}.Debug|Any CPU.Build.0 = Debug|Any CPU
		{4C959271-C31D-4758-A7CF-73C8B6CEEB9E}.Release|Any CPU.ActiveCfg = Release|Any CPU
		{4C959271-C31D-4758-A7CF-73C8B6CEEB9E}.Release|Any CPU.Build.0 = Release|Any CPU
	EndGlobalSection
	GlobalSection(SolutionProperties) = preSolution
		HideSolutionNode = FALSE
	EndGlobalSection
	GlobalSection(ExtensibilityGlobals) = postSolution
		SolutionGuid = {4BB96EEC-4B81-468F-808A-8BA1B7356FEC}
	EndGlobalSection
EndGlobal
